
Microsoft Visual Studio Solution File, Format Version 12.00
# Visual Studio Version 16
VisualStudioVersion = 16.0.29911.84
MinimumVisualStudioVersion = 10.0.40219.1
Project("{FAE04EC0-301F-11D3-BF4B-00C04F79EFBC}") = "test", "test\test.csproj", "{78D6EE00-5DCC-4914-B955-C80476C5AA0C}"
EndProject
Global
	GlobalSection(SolutionConfigurationPlatforms) = preSolution
		Debug|Any CPU = Debug|Any CPU
		Release|Any CPU = Release|Any CPU
	EndGlobalSection
	GlobalSection(ProjectConfigurationPlatforms) = postSolution
		{78D6EE00-5DCC-4914-B955-C80476C5AA0C}.Debug|Any CPU.ActiveCfg = Debug|Any CPU
		{78D6EE00-5DCC-4914-B955-C80476C5AA0C}.Debug|Any CPU.Build.0 = Debug|Any CPU
		{78D6EE00-5DCC-4914-B955-C80476C5AA0C}.Release|Any CPU.ActiveCfg = Release|Any CPU
		{78D6EE00-5DCC-4914-B955-C80476C5AA0C}.Release|Any CPU.Build.0 = Release|Any CPU
	EndGlobalSection
	GlobalSection(SolutionProperties) = preSolution
		HideSolutionNode = FALSE
	EndGlobalSection
	GlobalSection(ExtensibilityGlobals) = postSolution
		SolutionGuid = {258BAE35-C639-4F02-817F-99DC016F883C}
	EndGlobalSection
EndGlobal
