
Microsoft Visual Studio Solution File, Format Version 12.00
# Visual Studio Version 16
VisualStudioVersion = 16.0.29911.84
MinimumVisualStudioVersion = 10.0.40219.1
Project("{FAE04EC0-301F-11D3-BF4B-00C04F79EFBC}") = "comacExport", "comacExport\comacExport.csproj", "{78D6EE00-5DCC-4914-B955-C80476C5AA0C}"
EndProject
Project("{54435603-DBB4-11D2-8724-00A0C9A8B90C}") = "Setup", "Setup\Setup.vdproj", "{91ABEB83-B617-4E20-8B95-7D199E7262A9}"
EndProject
Project("{FAE04EC0-301F-11D3-BF4B-00C04F79EFBC}") = "LicenseActive", "LicenseActive\LicenseActive.csproj", "{B1094D4E-6E56-4EB2-B67C-378B48EA2A07}"
EndProject
Project("{FAE04EC0-301F-11D3-BF4B-00C04F79EFBC}") = "KeyGenerator", "KeyGenerator\KeyGenerator.csproj", "{5EA0CA30-B5BE-40EE-9855-5D704CE95F99}"
EndProject
Project("{FAE04EC0-301F-11D3-BF4B-00C04F79EFBC}") = "UserControls", "UserControls\UserControls.csproj", "{405BC3AB-236D-4FE9-B43D-24F5E499230A}"
EndProject
Global
	GlobalSection(SolutionConfigurationPlatforms) = preSolution
		Debug|Any CPU = Debug|Any CPU
		Release|Any CPU = Release|Any CPU
	EndGlobalSection
	GlobalSection(ProjectConfigurationPlatforms) = postSolution
		{78D6EE00-5DCC-4914-B955-C80476C5AA0C}.Debug|Any CPU.ActiveCfg = Debug|Any CPU
		{78D6EE00-5DCC-4914-B955-C80476C5AA0C}.Debug|Any CPU.Build.0 = Debug|Any CPU
		{78D6EE00-5DCC-4914-B955-C80476C5AA0C}.Release|Any CPU.ActiveCfg = Release|Any CPU
		{78D6EE00-5DCC-4914-B955-C80476C5AA0C}.Release|Any CPU.Build.0 = Release|Any CPU
		{91ABEB83-B617-4E20-8B95-7D199E7262A9}.Debug|Any CPU.ActiveCfg = Debug
		{91ABEB83-B617-4E20-8B95-7D199E7262A9}.Release|Any CPU.ActiveCfg = Release
		{B1094D4E-6E56-4EB2-B67C-378B48EA2A07}.Debug|Any CPU.ActiveCfg = Debug|Any CPU
		{B1094D4E-6E56-4EB2-B67C-378B48EA2A07}.Debug|Any CPU.Build.0 = Debug|Any CPU
		{B1094D4E-6E56-4EB2-B67C-378B48EA2A07}.Release|Any CPU.ActiveCfg = Release|Any CPU
		{B1094D4E-6E56-4EB2-B67C-378B48EA2A07}.Release|Any CPU.Build.0 = Release|Any CPU
		{5EA0CA30-B5BE-40EE-9855-5D704CE95F99}.Debug|Any CPU.ActiveCfg = Debug|Any CPU
		{5EA0CA30-B5BE-40EE-9855-5D704CE95F99}.Debug|Any CPU.Build.0 = Debug|Any CPU
		{5EA0CA30-B5BE-40EE-9855-5D704CE95F99}.Release|Any CPU.ActiveCfg = Release|Any CPU
		{5EA0CA30-B5BE-40EE-9855-5D704CE95F99}.Release|Any CPU.Build.0 = Release|Any CPU
		{405BC3AB-236D-4FE9-B43D-24F5E499230A}.Debug|Any CPU.ActiveCfg = Debug|Any CPU
		{405BC3AB-236D-4FE9-B43D-24F5E499230A}.Debug|Any CPU.Build.0 = Debug|Any CPU
		{405BC3AB-236D-4FE9-B43D-24F5E499230A}.Release|Any CPU.ActiveCfg = Release|Any CPU
		{405BC3AB-236D-4FE9-B43D-24F5E499230A}.Release|Any CPU.Build.0 = Release|Any CPU
	EndGlobalSection
	GlobalSection(SolutionProperties) = preSolution
		HideSolutionNode = FALSE
	EndGlobalSection
	GlobalSection(ExtensibilityGlobals) = postSolution
		SolutionGuid = {258BAE35-C639-4F02-817F-99DC016F883C}
	EndGlobalSection
EndGlobal
